{
  "version": 4,
  "terraform_version": "1.12.1",
  "serial": 1,
  "lineage": "ada62e79-a9b5-529f-8f63-8b54aab19d79",
  "outputs": {},
  "resources": [
    {
      "mode": "managed",
      "type": "aws_vpc",
      "name": "VPC",
      "provider": "provider[\"registry.terraform.io/hashicorp/aws\"]",
      "instances": [
        {
          "schema_version": 1,
          "attributes": {
            "arn": "arn:aws:ec2:ap-south-1:537124950290:vpc/vpc-0b9a4e41c401fc7f7",
            "assign_generated_ipv6_cidr_block": false,
            "cidr_block": "172.0.0.0/16",
            "default_network_acl_id": "acl-0e0cd71064def0a14",
            "default_route_table_id": "rtb-09a66837660741e6d",
            "default_security_group_id": "sg-0310523948d803c02",
            "dhcp_options_id": "dopt-022989b21b361c6e2",
            "enable_dns_hostnames": false,
            "enable_dns_support": true,
            "enable_network_address_usage_metrics": false,
            "id": "vpc-0b9a4e41c401fc7f7",
            "instance_tenancy": "default",
            "ipv4_ipam_pool_id": null,
            "ipv4_netmask_length": null,
            "ipv6_association_id": "",
            "ipv6_cidr_block": "",
            "ipv6_cidr_block_network_border_group": "",
            "ipv6_ipam_pool_id": "",
            "ipv6_netmask_length": 0,
            "main_route_table_id": "rtb-09a66837660741e6d",
            "owner_id": "537124950290",
            "region": "ap-south-1",
            "tags": {
              "Name": "my-var-vpc"
            },
            "tags_all": {
              "Name": "my-var-vpc"
            }
          },
          "sensitive_attributes": [],
          "identity_schema_version": 0,
          "private": "eyJzY2hlbWFfdmVyc2lvbiI6IjEifQ=="
        }
      ]
    }
  ],
  "check_results": null
}
